# This file is machine-generated by `gh actions-lock`.
# Do not edit by hand; run `gh actions-lock` to update.
# Docs: https://gh.io/actions-lockfile
version: 'v0.0.2'
workflows:
    '.github/workflows/actions.yml':
        - 'actions/checkout@v7.0.1'
    '.github/workflows/check.yml':
        - 'actions/checkout@v7.0.1'
    '.github/workflows/codeql.yml':
        - 'actions/checkout@v7.0.1'
        - 'github/codeql-action@v4.38.1'
    '.github/workflows/pr-check.yml': []
    '.github/workflows/push-main.yml': []
    '.github/workflows/release.yml':
        - 'actions/attest@v4.2.2'
        - 'actions/checkout@v7.0.1'
    '.github/workflows/tools.yml':
        - 'actions/checkout@v7.0.1'
    '.github/workflows/xcode.yml':
        - 'actions/checkout@v7.0.1'
dependencies:
    'actions/attest@v4.2.2':
        ref: 'v4.2.2'
        commit: 'sha1-1e69f48acb82d1966a394da916b4c1698aa569d6'
        owner_id: 44036562
        repo_id: 760701061
    'actions/checkout@v7.0.1':
        ref: 'v7.0.1'
        commit: 'sha1-3d3c42e5aac5ba805825da76410c181273ba90b1'
        owner_id: 44036562
        repo_id: 197814629
    'github/codeql-action@v4.38.1':
        ref: 'v4.38.1'
        commit: 'sha1-1c5b675653bb5c22dbe9b12b556ec555138e09fd'
        owner_id: 9919
        repo_id: 259445878
